
Microsoft Visual Studio Solution File, Format Version 12.00
# Visual Studio Version 16
VisualStudioVersion = 16.0.29806.167
MinimumVisualStudioVersion = 10.0.40219.1
Project("{FAE04EC0-301F-11D3-BF4B-00C04F79EFBC}") = "askmage", "askmage\askmage.csproj", "{7FCD1148-119E-48DF-8895-11E0BF365B48}"
EndProject
Project("{FAE04EC0-301F-11D3-BF4B-00C04F79EFBC}") = "Services", "Services\Services.csproj", "{1121E9B1-C747-4D99-B5BD-1C9A78D3D7D0}"
EndProject
Project("{FAE04EC0-301F-11D3-BF4B-00C04F79EFBC}") = "Data", "Data\Data.csproj", "{38AF4186-D273-4C11-939A-F28DA3923CDA}"
EndProject
Project("{FAE04EC0-301F-11D3-BF4B-00C04F79EFBC}") = "Core", "Core\Core.csproj", "{480C7104-1D0A-46CD-9CA4-2845CA6D84C2}"
EndProject
Global
	GlobalSection(SolutionConfigurationPlatforms) = preSolution
		Debug|Any CPU = Debug|Any CPU
		Release|Any CPU = Release|Any CPU
	EndGlobalSection
	GlobalSection(ProjectConfigurationPlatforms) = postSolution
		{7FCD1148-119E-48DF-8895-11E0BF365B48}.Debug|Any CPU.ActiveCfg = Debug|Any CPU
		{7FCD1148-119E-48DF-8895-11E0BF365B48}.Debug|Any CPU.Build.0 = Debug|Any CPU
		{7FCD1148-119E-48DF-8895-11E0BF365B48}.Release|Any CPU.ActiveCfg = Release|Any CPU
		{7FCD1148-119E-48DF-8895-11E0BF365B48}.Release|Any CPU.Build.0 = Release|Any CPU
		{1121E9B1-C747-4D99-B5BD-1C9A78D3D7D0}.Debug|Any CPU.ActiveCfg = Debug|Any CPU
		{1121E9B1-C747-4D99-B5BD-1C9A78D3D7D0}.Debug|Any CPU.Build.0 = Debug|Any CPU
		{1121E9B1-C747-4D99-B5BD-1C9A78D3D7D0}.Release|Any CPU.ActiveCfg = Release|Any CPU
		{1121E9B1-C747-4D99-B5BD-1C9A78D3D7D0}.Release|Any CPU.Build.0 = Release|Any CPU
		{38AF4186-D273-4C11-939A-F28DA3923CDA}.Debug|Any CPU.ActiveCfg = Debug|Any CPU
		{38AF4186-D273-4C11-939A-F28DA3923CDA}.Debug|Any CPU.Build.0 = Debug|Any CPU
		{38AF4186-D273-4C11-939A-F28DA3923CDA}.Release|Any CPU.ActiveCfg = Release|Any CPU
		{38AF4186-D273-4C11-939A-F28DA3923CDA}.Release|Any CPU.Build.0 = Release|Any CPU
		{480C7104-1D0A-46CD-9CA4-2845CA6D84C2}.Debug|Any CPU.ActiveCfg = Debug|Any CPU
		{480C7104-1D0A-46CD-9CA4-2845CA6D84C2}.Debug|Any CPU.Build.0 = Debug|Any CPU
		{480C7104-1D0A-46CD-9CA4-2845CA6D84C2}.Release|Any CPU.ActiveCfg = Release|Any CPU
		{480C7104-1D0A-46CD-9CA4-2845CA6D84C2}.Release|Any CPU.Build.0 = Release|Any CPU
	EndGlobalSection
	GlobalSection(SolutionProperties) = preSolution
		HideSolutionNode = FALSE
	EndGlobalSection
	GlobalSection(ExtensibilityGlobals) = postSolution
		SolutionGuid = {AF84DBE5-BD47-4CF5-8F48-57F96E212347}
	EndGlobalSection
EndGlobal
